{
  "name": "templates",
  "lockfileVersion": 3,
  "requires": true,
  "packages": {
    "": {
      "dependencies": {
        "openai": "^5.19.1"
      }
    },
    "node_modules/openai": {
      "version": "5.19.1",
      "resolved": "https://registry.npmjs.org/openai/-/openai-5.19.1.tgz",
      "integrity": "sha512-zSqnUF7oR9ksmpusKkpUgkNrj8Sl57U+OyzO8jzc7LUjTMg4DRfR3uCm+EIMA6iw06sRPNp4t7ojp3sCpEUZRQ==",
      "license": "Apache-2.0",
      "bin": {
        "openai": "bin/cli"
      },
      "peerDependencies": {
        "ws": "^8.18.0",
        "zod": "^3.23.8"
      },
      "peerDependenciesMeta": {
        "ws": {
          "optional": true
        },
        "zod": {
          "optional": true
        }
      }
    },
    "node_modules/ws": {
      "version": "8.18.1",
      "license": "MIT",
      "optional": true,
      "peer": true,
      "engines": {
        "node": ">=10.0.0"
      },
      "peerDependencies": {
        "bufferutil": "^4.0.1",
        "utf-8-validate": ">=5.0.2"
      },
      "peerDependenciesMeta": {
        "bufferutil": {
          "optional": true
        },
        "utf-8-validate": {
          "optional": true
        }
      }
    }
  }
}
